
Microsoft Visual Studio Solution File, Format Version 12.00
# Visual Studio Version 16
VisualStudioVersion = 16.0.31005.135
MinimumVisualStudioVersion = 10.0.40219.1
Project("{9A19103F-16F7-4668-BE54-9A1E7A4F7556}") = "Padaria.API", "CTT-Padaria.API\Padaria.API.csproj", "{C61B89CD-A323-47DE-9D1B-B868347F90A1}"
EndProject
Project("{9A19103F-16F7-4668-BE54-9A1E7A4F7556}") = "Padaria.Data", "Padaria.Data\Padaria.Data.csproj", "{9E3F3F13-D9F5-430F-92CC-79A883564A3E}"
EndProject
Project("{FAE04EC0-301F-11D3-BF4B-00C04F79EFBC}") = "Padaria.Domain", "Padaria.Domain\Padaria.Domain.csproj", "{C743C645-F064-439E-B513-88BEF0D2D72F}"
EndProject
Global
	GlobalSection(SolutionConfigurationPlatforms) = preSolution
		Debug|Any CPU = Debug|Any CPU
		Release|Any CPU = Release|Any CPU
	EndGlobalSection
	GlobalSection(ProjectConfigurationPlatforms) = postSolution
		{C61B89CD-A323-47DE-9D1B-B868347F90A1}.Debug|Any CPU.ActiveCfg = Debug|Any CPU
		{C61B89CD-A323-47DE-9D1B-B868347F90A1}.Debug|Any CPU.Build.0 = Debug|Any CPU
		{C61B89CD-A323-47DE-9D1B-B868347F90A1}.Release|Any CPU.ActiveCfg = Release|Any CPU
		{C61B89CD-A323-47DE-9D1B-B868347F90A1}.Release|Any CPU.Build.0 = Release|Any CPU
		{9E3F3F13-D9F5-430F-92CC-79A883564A3E}.Debug|Any CPU.ActiveCfg = Debug|Any CPU
		{9E3F3F13-D9F5-430F-92CC-79A883564A3E}.Debug|Any CPU.Build.0 = Debug|Any CPU
		{9E3F3F13-D9F5-430F-92CC-79A883564A3E}.Release|Any CPU.ActiveCfg = Release|Any CPU
		{9E3F3F13-D9F5-430F-92CC-79A883564A3E}.Release|Any CPU.Build.0 = Release|Any CPU
		{C743C645-F064-439E-B513-88BEF0D2D72F}.Debug|Any CPU.ActiveCfg = Debug|Any CPU
		{C743C645-F064-439E-B513-88BEF0D2D72F}.Debug|Any CPU.Build.0 = Debug|Any CPU
		{C743C645-F064-439E-B513-88BEF0D2D72F}.Release|Any CPU.ActiveCfg = Release|Any CPU
		{C743C645-F064-439E-B513-88BEF0D2D72F}.Release|Any CPU.Build.0 = Release|Any CPU
	EndGlobalSection
	GlobalSection(SolutionProperties) = preSolution
		HideSolutionNode = FALSE
	EndGlobalSection
	GlobalSection(ExtensibilityGlobals) = postSolution
		SolutionGuid = {E2F74F6A-D129-41D3-B33C-B1B9AEB71D64}
	EndGlobalSection
EndGlobal
